// !$*UTF8*$!
{
	archiveVersion = 1;
	classes = {
	};
	objectVersion = 51;
	objects = {

/* Begin PBXBuildFile section */
		043CC3D1B64F3636CE41D688 /* Pods_The_DustTests.framework in Frameworks */ = {isa = PBXBuildFile; fileRef = 0C802E33A536B3C5AA39C179 /* Pods_The_DustTests.framework */; };
		5858BCC8668A52DF11DAA9DF /* Pods_The_Dust_The_DustUITests.framework in Frameworks */ = {isa = PBXBuildFile; fileRef = 1B5FBBA0FBFCAA39EADC1F2B /* Pods_The_Dust_The_DustUITests.framework */; };
		BF2AD29E256647AA003C03A9 /* PopupStoryboard.storyboard in Resources */ = {isa = PBXBuildFile; fileRef = BF2AD29D256647AA003C03A9 /* PopupStoryboard.storyboard */; };
		BF7D2D0C2564AA010066CE5C /* UIColorExtension.swift in Sources */ = {isa = PBXBuildFile; fileRef = BF7D2D0B2564AA010066CE5C /* UIColorExtension.swift */; };
		BF7D2D112564AC7E0066CE5C /* UIImageExtension.swift in Sources */ = {isa = PBXBuildFile; fileRef = BF7D2D102564AC7E0066CE5C /* UIImageExtension.swift */; };
		BF7D2D162564AD9D0066CE5C /* UIViewExtension.swift in Sources */ = {isa = PBXBuildFile; fileRef = BF7D2D152564AD9D0066CE5C /* UIViewExtension.swift */; };
		BF7D2D202564B4C10066CE5C /* TabBar.storyboard in Resources */ = {isa = PBXBuildFile; fileRef = BF7D2D1F2564B4C10066CE5C /* TabBar.storyboard */; };
		BF7D2D292564B59E0066CE5C /* TabBarController.swift in Sources */ = {isa = PBXBuildFile; fileRef = BF7D2D282564B59E0066CE5C /* TabBarController.swift */; };
		BF7D2D2E2564B6E80066CE5C /* AqiStoryboard.storyboard in Resources */ = {isa = PBXBuildFile; fileRef = BF7D2D2D2564B6E80066CE5C /* AqiStoryboard.storyboard */; };
		BF7D2D382564B7600066CE5C /* MapStoryboard.storyboard in Resources */ = {isa = PBXBuildFile; fileRef = BF7D2D372564B7600066CE5C /* MapStoryboard.storyboard */; };
		BF7D2D3E2564BBA80066CE5C /* AqiBar.swift in Sources */ = {isa = PBXBuildFile; fileRef = BF7D2D3D2564BBA80066CE5C /* AqiBar.swift */; };
		BF7D2D432564C0BD0066CE5C /* MenuViewController.swift in Sources */ = {isa = PBXBuildFile; fileRef = BF7D2D422564C0BD0066CE5C /* MenuViewController.swift */; };
		BF7D2D4B2564C0F20066CE5C /* MenuStoryboard.storyboard in Resources */ = {isa = PBXBuildFile; fileRef = BF7D2D4A2564C0F20066CE5C /* MenuStoryboard.storyboard */; };
		BF7D2D502564C2420066CE5C /* AqiViewController.swift in Sources */ = {isa = PBXBuildFile; fileRef = BF7D2D4F2564C2420066CE5C /* AqiViewController.swift */; };
		BF7D2D552564C2A40066CE5C /* MapViewController.swift in Sources */ = {isa = PBXBuildFile; fileRef = BF7D2D542564C2A40066CE5C /* MapViewController.swift */; };
		BF7D2D5D2564F4740066CE5C /* NoticeViewController.swift in Sources */ = {isa = PBXBuildFile; fileRef = BF7D2D5C2564F4740066CE5C /* NoticeViewController.swift */; };
		BF7D2D622564F4C60066CE5C /* AppInfoViewController.swift in Sources */ = {isa = PBXBuildFile; fileRef = BF7D2D612564F4C60066CE5C /* AppInfoViewController.swift */; };
		BF7D2D672564F4DC0066CE5C /* OpinionViewController.swift in Sources */ = {isa = PBXBuildFile; fileRef = BF7D2D662564F4DC0066CE5C /* OpinionViewController.swift */; };
		BF7D2D6D256507DB0066CE5C /* AqiResponseString.swift in Sources */ = {isa = PBXBuildFile; fileRef = BF7D2D6C256507DB0066CE5C /* AqiResponseString.swift */; };
		BF7D2D72256509780066CE5C /* AqiService.swift in Sources */ = {isa = PBXBuildFile; fileRef = BF7D2D71256509780066CE5C /* AqiService.swift */; };
		BF7D2D77256509EA0066CE5C /* WeatherResponseString.swift in Sources */ = {isa = PBXBuildFile; fileRef = BF7D2D76256509EA0066CE5C /* WeatherResponseString.swift */; };
		BF84DACB2563E15D008151BE /* AppDelegate.swift in Sources */ = {isa = PBXBuildFile; fileRef = BF84DACA2563E15D008151BE /* AppDelegate.swift */; };
		BF84DACD2563E15D008151BE /* SceneDelegate.swift in Sources */ = {isa = PBXBuildFile; fileRef = BF84DACC2563E15D008151BE /* SceneDelegate.swift */; };
		BF84DACF2563E15D008151BE /* MainViewController.swift in Sources */ = {isa = PBXBuildFile; fileRef = BF84DACE2563E15D008151BE /* MainViewController.swift */; };
		BF84DAD22563E15D008151BE /* Main.storyboard in Resources */ = {isa = PBXBuildFile; fileRef = BF84DAD02563E15D008151BE /* Main.storyboard */; };
		BF84DAD42563E160008151BE /* Assets.xcassets in Resources */ = {isa = PBXBuildFile; fileRef = BF84DAD32563E160008151BE /* Assets.xcassets */; };
		BF84DAD72563E160008151BE /* LaunchScreen.storyboard in Resources */ = {isa = PBXBuildFile; fileRef = BF84DAD52563E160008151BE /* LaunchScreen.storyboard */; };
		BF84DAE22563E160008151BE /* The_DustTests.swift in Sources */ = {isa = PBXBuildFile; fileRef = BF84DAE12563E160008151BE /* The_DustTests.swift */; };
		BF84DAED2563E160008151BE /* The_DustUITests.swift in Sources */ = {isa = PBXBuildFile; fileRef = BF84DAEC2563E160008151BE /* The_DustUITests.swift */; };
		BFDF525A2567D0E20041C7CA /* AqiSlider.swift in Sources */ = {isa = PBXBuildFile; fileRef = BFDF52592567D0E20041C7CA /* AqiSlider.swift */; };
		BFDF52632567D3010041C7CA /* AqiDetailViewController.swift in Sources */ = {isa = PBXBuildFile; fileRef = BFDF52622567D3010041C7CA /* AqiDetailViewController.swift */; };
		BFDF52692567E7170041C7CA /* AqiNavViewController.swift in Sources */ = {isa = PBXBuildFile; fileRef = BFDF52682567E7170041C7CA /* AqiNavViewController.swift */; };
		BFF8DD5E25669630008E8A7C /* PopupViewController.swift in Sources */ = {isa = PBXBuildFile; fileRef = BFF8DD5D25669630008E8A7C /* PopupViewController.swift */; };
		BFF8DD6B25669ED5008E8A7C /* AqiChartView.swift in Sources */ = {isa = PBXBuildFile; fileRef = BFF8DD6A25669ED5008E8A7C /* AqiChartView.swift */; };
		DD9E8DD699B892B852AFDEB1 /* Pods_The_Dust.framework in Frameworks */ = {isa = PBXBuildFile; fileRef = 51EF378DCB31F38A943EC0F4 /* Pods_The_Dust.framework */; };
/* End PBXBuildFile section */

/* Begin PBXContainerItemProxy section */
		BF84DADE2563E160008151BE /* PBXContainerItemProxy */ = {
			isa = PBXContainerItemProxy;
			containerPortal = BF84DABF2563E15D008151BE /* Project object */;
			proxyType = 1;
			remoteGlobalIDString = BF84DAC62563E15D008151BE;
			remoteInfo = "The Dust";
		};
		BF84DAE92563E160008151BE /* PBXContainerItemProxy */ = {
			isa = PBXContainerItemProxy;
			containerPortal = BF84DABF2563E15D008151BE /* Project object */;
			proxyType = 1;
			remoteGlobalIDString = BF84DAC62563E15D008151BE;
			remoteInfo = "The Dust";
		};
/* End PBXContainerItemProxy section */

/* Begin PBXFileReference section */
		0C802E33A536B3C5AA39C179 /* Pods_The_DustTests.framework */ = {isa = PBXFileReference; explicitFileType = wrapper.framework; includeInIndex = 0; path = Pods_The_DustTests.framework; sourceTree = BUILT_PRODUCTS_DIR; };
		1B5FBBA0FBFCAA39EADC1F2B /* Pods_The_Dust_The_DustUITests.framework */ = {isa = PBXFileReference; explicitFileType = wrapper.framework; includeInIndex = 0; path = Pods_The_Dust_The_DustUITests.framework; sourceTree = BUILT_PRODUCTS_DIR; };
		34860D074D87EEB5DE4717D8 /* Pods-The Dust-The DustUITests.debug.xcconfig */ = {isa = PBXFileReference; includeInIndex = 1; lastKnownFileType = text.xcconfig; name = "Pods-The Dust-The DustUITests.debug.xcconfig"; path = "Target Support Files/Pods-The Dust-The DustUITests/Pods-The Dust-The DustUITests.debug.xcconfig"; sourceTree = "<group>"; };
		51EF378DCB31F38A943EC0F4 /* Pods_The_Dust.framework */ = {isa = PBXFileReference; explicitFileType = wrapper.framework; includeInIndex = 0; path = Pods_The_Dust.framework; sourceTree = BUILT_PRODUCTS_DIR; };
		6D31E33B2AAAC7A57DBE82E0 /* Pods-The DustTests.debug.xcconfig */ = {isa = PBXFileReference; includeInIndex = 1; lastKnownFileType = text.xcconfig; name = "Pods-The DustTests.debug.xcconfig"; path = "Target Support Files/Pods-The DustTests/Pods-The DustTests.debug.xcconfig"; sourceTree = "<group>"; };
		AEBC7231014AF2DBA337E075 /* Pods-The DustTests.release.xcconfig */ = {isa = PBXFileReference; includeInIndex = 1; lastKnownFileType = text.xcconfig; name = "Pods-The DustTests.release.xcconfig"; path = "Target Support Files/Pods-The DustTests/Pods-The DustTests.release.xcconfig"; sourceTree = "<group>"; };
		B784802C3050D8DB91BC449E /* Pods-The Dust-The DustUITests.release.xcconfig */ = {isa = PBXFileReference; includeInIndex = 1; lastKnownFileType = text.xcconfig; name = "Pods-The Dust-The DustUITests.release.xcconfig"; path = "Target Support Files/Pods-The Dust-The DustUITests/Pods-The Dust-The DustUITests.release.xcconfig"; sourceTree = "<group>"; };
		BAF352CA826175958ED60A28 /* Pods-The Dust.release.xcconfig */ = {isa = PBXFileReference; includeInIndex = 1; lastKnownFileType = text.xcconfig; name = "Pods-The Dust.release.xcconfig"; path = "Target Support Files/Pods-The Dust/Pods-The Dust.release.xcconfig"; sourceTree = "<group>"; };
		BF2AD29D256647AA003C03A9 /* PopupStoryboard.storyboard */ = {isa = PBXFileReference; lastKnownFileType = file.storyboard; path = PopupStoryboard.storyboard; sourceTree = "<group>"; };
		BF7D2D0B2564AA010066CE5C /* UIColorExtension.swift */ = {isa = PBXFileReference; lastKnownFileType = sourcecode.swift; path = UIColorExtension.swift; sourceTree = "<group>"; };
		BF7D2D102564AC7E0066CE5C /* UIImageExtension.swift */ = {isa = PBXFileReference; lastKnownFileType = sourcecode.swift; path = UIImageExtension.swift; sourceTree = "<group>"; };
		BF7D2D152564AD9D0066CE5C /* UIViewExtension.swift */ = {isa = PBXFileReference; lastKnownFileType = sourcecode.swift; path = UIViewExtension.swift; sourceTree = "<group>"; };
		BF7D2D1F2564B4C10066CE5C /* TabBar.storyboard */ = {isa = PBXFileReference; lastKnownFileType = file.storyboard; path = TabBar.storyboard; sourceTree = "<group>"; };
		BF7D2D282564B59E0066CE5C /* TabBarController.swift */ = {isa = PBXFileReference; lastKnownFileType = sourcecode.swift; path = TabBarController.swift; sourceTree = "<group>"; };
		BF7D2D2D2564B6E80066CE5C /* AqiStoryboard.storyboard */ = {isa = PBXFileReference; lastKnownFileType = file.storyboard; path = AqiStoryboard.storyboard; sourceTree = "<group>"; };
		BF7D2D372564B7600066CE5C /* MapStoryboard.storyboard */ = {isa = PBXFileReference; lastKnownFileType = file.storyboard; path = MapStoryboard.storyboard; sourceTree = "<group>"; };
		BF7D2D3D2564BBA80066CE5C /* AqiBar.swift */ = {isa = PBXFileReference; lastKnownFileType = sourcecode.swift; path = AqiBar.swift; sourceTree = "<group>"; };
		BF7D2D422564C0BD0066CE5C /* MenuViewController.swift */ = {isa = PBXFileReference; lastKnownFileType = sourcecode.swift; path = MenuViewController.swift; sourceTree = "<group>"; };
		BF7D2D4A2564C0F20066CE5C /* MenuStoryboard.storyboard */ = {isa = PBXFileReference; lastKnownFileType = file.storyboard; path = MenuStoryboard.storyboard; sourceTree = "<group>"; };
		BF7D2D4F2564C2420066CE5C /* AqiViewController.swift */ = {isa = PBXFileReference; lastKnownFileType = sourcecode.swift; path = AqiViewController.swift; sourceTree = "<group>"; };
		BF7D2D542564C2A40066CE5C /* MapViewController.swift */ = {isa = PBXFileReference; lastKnownFileType = sourcecode.swift; path = MapViewController.swift; sourceTree = "<group>"; };
		BF7D2D5C2564F4740066CE5C /* NoticeViewController.swift */ = {isa = PBXFileReference; lastKnownFileType = sourcecode.swift; path = NoticeViewController.swift; sourceTree = "<group>"; };
		BF7D2D612564F4C60066CE5C /* AppInfoViewController.swift */ = {isa = PBXFileReference; lastKnownFileType = sourcecode.swift; path = AppInfoViewController.swift; sourceTree = "<group>"; };
		BF7D2D662564F4DC0066CE5C /* OpinionViewController.swift */ = {isa = PBXFileReference; lastKnownFileType = sourcecode.swift; path = OpinionViewController.swift; sourceTree = "<group>"; };
		BF7D2D6C256507DB0066CE5C /* AqiResponseString.swift */ = {isa = PBXFileReference; lastKnownFileType = sourcecode.swift; path = AqiResponseString.swift; sourceTree = "<group>"; };
		BF7D2D71256509780066CE5C /* AqiService.swift */ = {isa = PBXFileReference; lastKnownFileType = sourcecode.swift; path = AqiService.swift; sourceTree = "<group>"; };
		BF7D2D76256509EA0066CE5C /* WeatherResponseString.swift */ = {isa = PBXFileReference; lastKnownFileType = sourcecode.swift; path = WeatherResponseString.swift; sourceTree = "<group>"; };
		BF84DAC72563E15D008151BE /* The Dust.app */ = {isa = PBXFileReference; explicitFileType = wrapper.application; includeInIndex = 0; path = "The Dust.app"; sourceTree = BUILT_PRODUCTS_DIR; };
		BF84DACA2563E15D008151BE /* AppDelegate.swift */ = {isa = PBXFileReference; lastKnownFileType = sourcecode.swift; path = AppDelegate.swift; sourceTree = "<group>"; };
		BF84DACC2563E15D008151BE /* SceneDelegate.swift */ = {isa = PBXFileReference; lastKnownFileType = sourcecode.swift; path = SceneDelegate.swift; sourceTree = "<group>"; };
		BF84DACE2563E15D008151BE /* MainViewController.swift */ = {isa = PBXFileReference; lastKnownFileType = sourcecode.swift; path = MainViewController.swift; sourceTree = "<group>"; };
		BF84DAD12563E15D008151BE /* Base */ = {isa = PBXFileReference; lastKnownFileType = file.storyboard; name = Base; path = Base.lproj/Main.storyboard; sourceTree = "<group>"; };
		BF84DAD32563E160008151BE /* Assets.xcassets */ = {isa = PBXFileReference; lastKnownFileType = folder.assetcatalog; path = Assets.xcassets; sourceTree = "<group>"; };
		BF84DAD62563E160008151BE /* Base */ = {isa = PBXFileReference; lastKnownFileType = file.storyboard; name = Base; path = Base.lproj/LaunchScreen.storyboard; sourceTree = "<group>"; };
		BF84DAD82563E160008151BE /* Info.plist */ = {isa = PBXFileReference; lastKnownFileType = text.plist.xml; path = Info.plist; sourceTree = "<group>"; };
		BF84DADD2563E160008151BE /* The DustTests.xctest */ = {isa = PBXFileReference; explicitFileType = wrapper.cfbundle; includeInIndex = 0; path = "The DustTests.xctest"; sourceTree = BUILT_PRODUCTS_DIR; };
		BF84DAE12563E160008151BE /* The_DustTests.swift */ = {isa = PBXFileReference; lastKnownFileType = sourcecode.swift; path = The_DustTests.swift; sourceTree = "<group>"; };
		BF84DAE32563E160008151BE /* Info.plist */ = {isa = PBXFileReference; lastKnownFileType = text.plist.xml; path = Info.plist; sourceTree = "<group>"; };
		BF84DAE82563E160008151BE /* The DustUITests.xctest */ = {isa = PBXFileReference; explicitFileType = wrapper.cfbundle; includeInIndex = 0; path = "The DustUITests.xctest"; sourceTree = BUILT_PRODUCTS_DIR; };
		BF84DAEC2563E160008151BE /* The_DustUITests.swift */ = {isa = PBXFileReference; lastKnownFileType = sourcecode.swift; path = The_DustUITests.swift; sourceTree = "<group>"; };
		BF84DAEE2563E160008151BE /* Info.plist */ = {isa = PBXFileReference; lastKnownFileType = text.plist.xml; path = Info.plist; sourceTree = "<group>"; };
		BFDF52592567D0E20041C7CA /* AqiSlider.swift */ = {isa = PBXFileReference; lastKnownFileType = sourcecode.swift; path = AqiSlider.swift; sourceTree = "<group>"; };
		BFDF52622567D3010041C7CA /* AqiDetailViewController.swift */ = {isa = PBXFileReference; lastKnownFileType = sourcecode.swift; path = AqiDetailViewController.swift; sourceTree = "<group>"; };
		BFDF52682567E7170041C7CA /* AqiNavViewController.swift */ = {isa = PBXFileReference; lastKnownFileType = sourcecode.swift; path = AqiNavViewController.swift; sourceTree = "<group>"; };
		BFF8DD5D25669630008E8A7C /* PopupViewController.swift */ = {isa = PBXFileReference; lastKnownFileType = sourcecode.swift; path = PopupViewController.swift; sourceTree = "<group>"; };
		BFF8DD6A25669ED5008E8A7C /* AqiChartView.swift */ = {isa = PBXFileReference; lastKnownFileType = sourcecode.swift; path = AqiChartView.swift; sourceTree = "<group>"; };
		F530545D6CB92601E063EA10 /* Pods-The Dust.debug.xcconfig */ = {isa = PBXFileReference; includeInIndex = 1; lastKnownFileType = text.xcconfig; name = "Pods-The Dust.debug.xcconfig"; path = "Target Support Files/Pods-The Dust/Pods-The Dust.debug.xcconfig"; sourceTree = "<group>"; };
/* End PBXFileReference section */

/* Begin PBXFrameworksBuildPhase section */
		BF84DAC42563E15D008151BE /* Frameworks */ = {
			isa = PBXFrameworksBuildPhase;
			buildActionMask = 2147483647;
			files = (
				DD9E8DD699B892B852AFDEB1 /* Pods_The_Dust.framework in Frameworks */,
			);
			runOnlyForDeploymentPostprocessing = 0;
		};
		BF84DADA2563E160008151BE /* Frameworks */ = {
			isa = PBXFrameworksBuildPhase;
			buildActionMask = 2147483647;
			files = (
				043CC3D1B64F3636CE41D688 /* Pods_The_DustTests.framework in Frameworks */,
			);
			runOnlyForDeploymentPostprocessing = 0;
		};
		BF84DAE52563E160008151BE /* Frameworks */ = {
			isa = PBXFrameworksBuildPhase;
			buildActionMask = 2147483647;
			files = (
				5858BCC8668A52DF11DAA9DF /* Pods_The_Dust_The_DustUITests.framework in Frameworks */,
			);
			runOnlyForDeploymentPostprocessing = 0;
		};
/* End PBXFrameworksBuildPhase section */

/* Begin PBXGroup section */
		BF7D2D0A2564A9E00066CE5C /* Extension */ = {
			isa = PBXGroup;
			children = (
				BF7D2D0B2564AA010066CE5C /* UIColorExtension.swift */,
				BF7D2D102564AC7E0066CE5C /* UIImageExtension.swift */,
				BF7D2D152564AD9D0066CE5C /* UIViewExtension.swift */,
			);
			path = Extension;
			sourceTree = "<group>";
		};
		BF7D2D1A2564B0B80066CE5C /* Resources */ = {
			isa = PBXGroup;
			children = (
				BF7D2D6B256507C20066CE5C /* APIService */,
				BF7D2D1B2564B0D30066CE5C /* StoryBoard */,
				BF84DAD32563E160008151BE /* Assets.xcassets */,
			);
			path = Resources;
			sourceTree = "<group>";
		};
		BF7D2D1B2564B0D30066CE5C /* StoryBoard */ = {
			isa = PBXGroup;
			children = (
				BF84DAD52563E160008151BE /* LaunchScreen.storyboard */,
				BF84DAD02563E15D008151BE /* Main.storyboard */,
				BF7D2D1F2564B4C10066CE5C /* TabBar.storyboard */,
				BF7D2D2D2564B6E80066CE5C /* AqiStoryboard.storyboard */,
				BF7D2D372564B7600066CE5C /* MapStoryboard.storyboard */,
				BF7D2D4A2564C0F20066CE5C /* MenuStoryboard.storyboard */,
				BF2AD29D256647AA003C03A9 /* PopupStoryboard.storyboard */,
			);
			path = StoryBoard;
			sourceTree = "<group>";
		};
		BF7D2D242564B5450066CE5C /* ViewControllers */ = {
			isa = PBXGroup;
			children = (
				BFDF52672567E6DE0041C7CA /* AqiVC */,
				BFDF52612567D2330041C7CA /* AqiDetailVC */,
				BFDF52582567D08F0041C7CA /* PopupVC */,
				BFDF52572567CEF10041C7CA /* MapVC */,
				BFDF52562567CEB90041C7CA /* LaunchVC */,
				BFDF52552567CE790041C7CA /* MenuVC */,
			);
			path = ViewControllers;
			sourceTree = "<group>";
		};
		BF7D2D3C2564BB8A0066CE5C /* Models */ = {
			isa = PBXGroup;
			children = (
				BF7D2D3D2564BBA80066CE5C /* AqiBar.swift */,
			);
			path = Models;
			sourceTree = "<group>";
		};
		BF7D2D6B256507C20066CE5C /* APIService */ = {
			isa = PBXGroup;
			children = (
				BF7D2D6C256507DB0066CE5C /* AqiResponseString.swift */,
				BF7D2D71256509780066CE5C /* AqiService.swift */,
				BF7D2D76256509EA0066CE5C /* WeatherResponseString.swift */,
			);
			path = APIService;
			sourceTree = "<group>";
		};
		BF84DABE2563E15D008151BE = {
			isa = PBXGroup;
			children = (
				BF84DAC92563E15D008151BE /* The Dust */,
				BF84DAE02563E160008151BE /* The DustTests */,
				BF84DAEB2563E160008151BE /* The DustUITests */,
				BF84DAC82563E15D008151BE /* Products */,
				D6772901B959222CF0C34E1A /* Pods */,
				FD84445FA0B920A35B5B4B92 /* Frameworks */,
			);
			sourceTree = "<group>";
		};
		BF84DAC82563E15D008151BE /* Products */ = {
			isa = PBXGroup;
			children = (
				BF84DAC72563E15D008151BE /* The Dust.app */,
				BF84DADD2563E160008151BE /* The DustTests.xctest */,
				BF84DAE82563E160008151BE /* The DustUITests.xctest */,
			);
			name = Products;
			sourceTree = "<group>";
		};
		BF84DAC92563E15D008151BE /* The Dust */ = {
			isa = PBXGroup;
			children = (
				BF7D2D3C2564BB8A0066CE5C /* Models */,
				BF7D2D242564B5450066CE5C /* ViewControllers */,
				BF7D2D1A2564B0B80066CE5C /* Resources */,
				BF7D2D0A2564A9E00066CE5C /* Extension */,
				BF84DACA2563E15D008151BE /* AppDelegate.swift */,
				BF84DACC2563E15D008151BE /* SceneDelegate.swift */,
				BF84DAD82563E160008151BE /* Info.plist */,
			);
			path = "The Dust";
			sourceTree = "<group>";
		};
		BF84DAE02563E160008151BE /* The DustTests */ = {
			isa = PBXGroup;
			children = (
				BF84DAE12563E160008151BE /* The_DustTests.swift */,
				BF84DAE32563E160008151BE /* Info.plist */,
			);
			path = "The DustTests";
			sourceTree = "<group>";
		};
		BF84DAEB2563E160008151BE /* The DustUITests */ = {
			isa = PBXGroup;
			children = (
				BF84DAEC2563E160008151BE /* The_DustUITests.swift */,
				BF84DAEE2563E160008151BE /* Info.plist */,
			);
			path = "The DustUITests";
			sourceTree = "<group>";
		};
		BFDF52552567CE790041C7CA /* MenuVC */ = {
			isa = PBXGroup;
			children = (
				BF7D2D422564C0BD0066CE5C /* MenuViewController.swift */,
				BF7D2D662564F4DC0066CE5C /* OpinionViewController.swift */,
				BF7D2D612564F4C60066CE5C /* AppInfoViewController.swift */,
				BF7D2D5C2564F4740066CE5C /* NoticeViewController.swift */,
			);
			path = MenuVC;
			sourceTree = "<group>";
		};
		BFDF52562567CEB90041C7CA /* LaunchVC */ = {
			isa = PBXGroup;
			children = (
				BF7D2D282564B59E0066CE5C /* TabBarController.swift */,
				BF84DACE2563E15D008151BE /* MainViewController.swift */,
			);
			path = LaunchVC;
			sourceTree = "<group>";
		};
		BFDF52572567CEF10041C7CA /* MapVC */ = {
			isa = PBXGroup;
			children = (
				BF7D2D542564C2A40066CE5C /* MapViewController.swift */,
			);
			path = MapVC;
			sourceTree = "<group>";
		};
		BFDF52582567D08F0041C7CA /* PopupVC */ = {
			isa = PBXGroup;
			children = (
				BFF8DD5D25669630008E8A7C /* PopupViewController.swift */,
				BFDF52592567D0E20041C7CA /* AqiSlider.swift */,
			);
			path = PopupVC;
			sourceTree = "<group>";
		};
		BFDF52612567D2330041C7CA /* AqiDetailVC */ = {
			isa = PBXGroup;
			children = (
				BFDF52622567D3010041C7CA /* AqiDetailViewController.swift */,
			);
			path = AqiDetailVC;
			sourceTree = "<group>";
		};
		BFDF52672567E6DE0041C7CA /* AqiVC */ = {
			isa = PBXGroup;
			children = (
				BF7D2D4F2564C2420066CE5C /* AqiViewController.swift */,
				BFF8DD6A25669ED5008E8A7C /* AqiChartView.swift */,
				BFDF52682567E7170041C7CA /* AqiNavViewController.swift */,
			);
			path = AqiVC;
			sourceTree = "<group>";
		};
		D6772901B959222CF0C34E1A /* Pods */ = {
			isa = PBXGroup;
			children = (
				F530545D6CB92601E063EA10 /* Pods-The Dust.debug.xcconfig */,
				BAF352CA826175958ED60A28 /* Pods-The Dust.release.xcconfig */,
				34860D074D87EEB5DE4717D8 /* Pods-The Dust-The DustUITests.debug.xcconfig */,
				B784802C3050D8DB91BC449E /* Pods-The Dust-The DustUITests.release.xcconfig */,
				6D31E33B2AAAC7A57DBE82E0 /* Pods-The DustTests.debug.xcconfig */,
				AEBC7231014AF2DBA337E075 /* Pods-The DustTests.release.xcconfig */,
			);
			path = Pods;
			sourceTree = "<group>";
		};
		FD84445FA0B920A35B5B4B92 /* Frameworks */ = {
			isa = PBXGroup;
			children = (
				51EF378DCB31F38A943EC0F4 /* Pods_The_Dust.framework */,
				1B5FBBA0FBFCAA39EADC1F2B /* Pods_The_Dust_The_DustUITests.framework */,
				0C802E33A536B3C5AA39C179 /* Pods_The_DustTests.framework */,
			);
			name = Frameworks;
			sourceTree = "<group>";
		};
/* End PBXGroup section */

/* Begin PBXNativeTarget section */
		BF84DAC62563E15D008151BE /* The Dust */ = {
			isa = PBXNativeTarget;
			buildConfigurationList = BF84DAF12563E160008151BE /* Build configuration list for PBXNativeTarget "The Dust" */;
			buildPhases = (
				F9194B51E510BE8A7BD51E39 /* [CP] Check Pods Manifest.lock */,
				BF84DAC32563E15D008151BE /* Sources */,
				BF84DAC42563E15D008151BE /* Frameworks */,
				BF84DAC52563E15D008151BE /* Resources */,
				83E0D1FD188441488E8CD011 /* [CP] Embed Pods Frameworks */,
			);
			buildRules = (
			);
			dependencies = (
			);
			name = "The Dust";
			productName = "The Dust";
			productReference = BF84DAC72563E15D008151BE /* The Dust.app */;
			productType = "com.apple.product-type.application";
		};
		BF84DADC2563E160008151BE /* The DustTests */ = {
			isa = PBXNativeTarget;
			buildConfigurationList = BF84DAF42563E160008151BE /* Build configuration list for PBXNativeTarget "The DustTests" */;
			buildPhases = (
				A5AA7AE3F304EDFA82EC5380 /* [CP] Check Pods Manifest.lock */,
				BF84DAD92563E160008151BE /* Sources */,
				BF84DADA2563E160008151BE /* Frameworks */,
				BF84DADB2563E160008151BE /* Resources */,
			);
			buildRules = (
			);
			dependencies = (
				BF84DADF2563E160008151BE /* PBXTargetDependency */,
			);
			name = "The DustTests";
			productName = "The DustTests";
			productReference = BF84DADD2563E160008151BE /* The DustTests.xctest */;
			productType = "com.apple.product-type.bundle.unit-test";
		};
		BF84DAE72563E160008151BE /* The DustUITests */ = {
			isa = PBXNativeTarget;
			buildConfigurationList = BF84DAF72563E160008151BE /* Build configuration list for PBXNativeTarget "The DustUITests" */;
			buildPhases = (
				6F1663310EED147239B9C33E /* [CP] Check Pods Manifest.lock */,
				BF84DAE42563E160008151BE /* Sources */,
				BF84DAE52563E160008151BE /* Frameworks */,
				BF84DAE62563E160008151BE /* Resources */,
				E10A6E86ADBDBA8D235A2CE8 /* [CP] Embed Pods Frameworks */,
			);
			buildRules = (
			);
			dependencies = (
				BF84DAEA2563E160008151BE /* PBXTargetDependency */,
			);
			name = "The DustUITests";
			productName = "The DustUITests";
			productReference = BF84DAE82563E160008151BE /* The DustUITests.xctest */;
			productType = "com.apple.product-type.bundle.ui-testing";
		};
/* End PBXNativeTarget section */

/* Begin PBXProject section */
		BF84DABF2563E15D008151BE /* Project object */ = {
			isa = PBXProject;
			attributes = {
				LastSwiftUpdateCheck = 1210;
				LastUpgradeCheck = 1210;
				TargetAttributes = {
					BF84DAC62563E15D008151BE = {
						CreatedOnToolsVersion = 12.1;
					};
					BF84DADC2563E160008151BE = {
						CreatedOnToolsVersion = 12.1;
						TestTargetID = BF84DAC62563E15D008151BE;
					};
					BF84DAE72563E160008151BE = {
						CreatedOnToolsVersion = 12.1;
						TestTargetID = BF84DAC62563E15D008151BE;
					};
				};
			};
			buildConfigurationList = BF84DAC22563E15D008151BE /* Build configuration list for PBXProject "The Dust" */;
			compatibilityVersion = "Xcode 9.3";
			developmentRegion = en;
			hasScannedForEncodings = 0;
			knownRegions = (
				en,
				Base,
			);
			mainGroup = BF84DABE2563E15D008151BE;
			productRefGroup = BF84DAC82563E15D008151BE /* Products */;
			projectDirPath = "";
			projectRoot = "";
			targets = (
				BF84DAC62563E15D008151BE /* The Dust */,
				BF84DADC2563E160008151BE /* The DustTests */,
				BF84DAE72563E160008151BE /* The DustUITests */,
			);
		};
/* End PBXProject section */

/* Begin PBXResourcesBuildPhase section */
		BF84DAC52563E15D008151BE /* Resources */ = {
			isa = PBXResourcesBuildPhase;
			buildActionMask = 2147483647;
			files = (
				BF7D2D202564B4C10066CE5C /* TabBar.storyboard in Resources */,
				BF7D2D2E2564B6E80066CE5C /* AqiStoryboard.storyboard in Resources */,
				BF7D2D382564B7600066CE5C /* MapStoryboard.storyboard in Resources */,
				BF84DAD72563E160008151BE /* LaunchScreen.storyboard in Resources */,
				BF84DAD42563E160008151BE /* Assets.xcassets in Resources */,
				BF84DAD22563E15D008151BE /* Main.storyboard in Resources */,
				BF2AD29E256647AA003C03A9 /* PopupStoryboard.storyboard in Resources */,
				BF7D2D4B2564C0F20066CE5C /* MenuStoryboard.storyboard in Resources */,
			);
			runOnlyForDeploymentPostprocessing = 0;
		};
		BF84DADB2563E160008151BE /* Resources */ = {
			isa = PBXResourcesBuildPhase;
			buildActionMask = 2147483647;
			files = (
			);
			runOnlyForDeploymentPostprocessing = 0;
		};
		BF84DAE62563E160008151BE /* Resources */ = {
			isa = PBXResourcesBuildPhase;
			buildActionMask = 2147483647;
			files = (
			);
			runOnlyForDeploymentPostprocessing = 0;
		};
/* End PBXResourcesBuildPhase section */

/* Begin PBXShellScriptBuildPhase section */
		6F1663310EED147239B9C33E /* [CP] Check Pods Manifest.lock */ = {
			isa = PBXShellScriptBuildPhase;
			buildActionMask = 2147483647;
			files = (
			);
			inputFileListPaths = (
			);
			inputPaths = (
				"${PODS_PODFILE_DIR_PATH}/Podfile.lock",
				"${PODS_ROOT}/Manifest.lock",
			);
			name = "[CP] Check Pods Manifest.lock";
			outputFileListPaths = (
			);
			outputPaths = (
				"$(DERIVED_FILE_DIR)/Pods-The Dust-The DustUITests-checkManifestLockResult.txt",
			);
			runOnlyForDeploymentPostprocessing = 0;
			shellPath = /bin/sh;
			shellScript = "diff \"${PODS_PODFILE_DIR_PATH}/Podfile.lock\" \"${PODS_ROOT}/Manifest.lock\" > /dev/null\nif [ $? != 0 ] ; then\n    # print error to STDERR\n    echo \"error: The sandbox is not in sync with the Podfile.lock. Run 'pod install' or update your CocoaPods installation.\" >&2\n    exit 1\nfi\n# This output is used by Xcode 'outputs' to avoid re-running this script phase.\necho \"SUCCESS\" > \"${SCRIPT_OUTPUT_FILE_0}\"\n";
			showEnvVarsInLog = 0;
		};
		83E0D1FD188441488E8CD011 /* [CP] Embed Pods Frameworks */ = {
			isa = PBXShellScriptBuildPhase;
			buildActionMask = 2147483647;
			files = (
			);
			inputFileListPaths = (
				"${PODS_ROOT}/Target Support Files/Pods-The Dust/Pods-The Dust-frameworks-${CONFIGURATION}-input-files.xcfilelist",
			);
			name = "[CP] Embed Pods Frameworks";
			outputFileListPaths = (
				"${PODS_ROOT}/Target Support Files/Pods-The Dust/Pods-The Dust-frameworks-${CONFIGURATION}-output-files.xcfilelist",
			);
			runOnlyForDeploymentPostprocessing = 0;
			shellPath = /bin/sh;
			shellScript = "\"${PODS_ROOT}/Target Support Files/Pods-The Dust/Pods-The Dust-frameworks.sh\"\n";
			showEnvVarsInLog = 0;
		};
		A5AA7AE3F304EDFA82EC5380 /* [CP] Check Pods Manifest.lock */ = {
			isa = PBXShellScriptBuildPhase;
			buildActionMask = 2147483647;
			files = (
			);
			inputFileListPaths = (
			);
			inputPaths = (
				"${PODS_PODFILE_DIR_PATH}/Podfile.lock",
				"${PODS_ROOT}/Manifest.lock",
			);
			name = "[CP] Check Pods Manifest.lock";
			outputFileListPaths = (
			);
			outputPaths = (
				"$(DERIVED_FILE_DIR)/Pods-The DustTests-checkManifestLockResult.txt",
			);
			runOnlyForDeploymentPostprocessing = 0;
			shellPath = /bin/sh;
			shellScript = "diff \"${PODS_PODFILE_DIR_PATH}/Podfile.lock\" \"${PODS_ROOT}/Manifest.lock\" > /dev/null\nif [ $? != 0 ] ; then\n    # print error to STDERR\n    echo \"error: The sandbox is not in sync with the Podfile.lock. Run 'pod install' or update your CocoaPods installation.\" >&2\n    exit 1\nfi\n# This output is used by Xcode 'outputs' to avoid re-running this script phase.\necho \"SUCCESS\" > \"${SCRIPT_OUTPUT_FILE_0}\"\n";
			showEnvVarsInLog = 0;
		};
		E10A6E86ADBDBA8D235A2CE8 /* [CP] Embed Pods Frameworks */ = {
			isa = PBXShellScriptBuildPhase;
			buildActionMask = 2147483647;
			files = (
			);
			inputFileListPaths = (
				"${PODS_ROOT}/Target Support Files/Pods-The Dust-The DustUITests/Pods-The Dust-The DustUITests-frameworks-${CONFIGURATION}-input-files.xcfilelist",
			);
			name = "[CP] Embed Pods Frameworks";
			outputFileListPaths = (
				"${PODS_ROOT}/Target Support Files/Pods-The Dust-The DustUITests/Pods-The Dust-The DustUITests-frameworks-${CONFIGURATION}-output-files.xcfilelist",
			);
			runOnlyForDeploymentPostprocessing = 0;
			shellPath = /bin/sh;
			shellScript = "\"${PODS_ROOT}/Target Support Files/Pods-The Dust-The DustUITests/Pods-The Dust-The DustUITests-frameworks.sh\"\n";
			showEnvVarsInLog = 0;
		};
		F9194B51E510BE8A7BD51E39 /* [CP] Check Pods Manifest.lock */ = {
			isa = PBXShellScriptBuildPhase;
			buildActionMask = 2147483647;
			files = (
			);
			inputFileListPaths = (
			);
			inputPaths = (
				"${PODS_PODFILE_DIR_PATH}/Podfile.lock",
				"${PODS_ROOT}/Manifest.lock",
			);
			name = "[CP] Check Pods Manifest.lock";
			outputFileListPaths = (
			);
			outputPaths = (
				"$(DERIVED_FILE_DIR)/Pods-The Dust-checkManifestLockResult.txt",
			);
			runOnlyForDeploymentPostprocessing = 0;
			shellPath = /bin/sh;
			shellScript = "diff \"${PODS_PODFILE_DIR_PATH}/Podfile.lock\" \"${PODS_ROOT}/Manifest.lock\" > /dev/null\nif [ $? != 0 ] ; then\n    # print error to STDERR\n    echo \"error: The sandbox is not in sync with the Podfile.lock. Run 'pod install' or update your CocoaPods installation.\" >&2\n    exit 1\nfi\n# This output is used by Xcode 'outputs' to avoid re-running this script phase.\necho \"SUCCESS\" > \"${SCRIPT_OUTPUT_FILE_0}\"\n";
			showEnvVarsInLog = 0;
		};
/* End PBXShellScriptBuildPhase section */

/* Begin PBXSourcesBuildPhase section */
		BF84DAC32563E15D008151BE /* Sources */ = {
			isa = PBXSourcesBuildPhase;
			buildActionMask = 2147483647;
			files = (
				BFDF52632567D3010041C7CA /* AqiDetailViewController.swift in Sources */,
				BFDF525A2567D0E20041C7CA /* AqiSlider.swift in Sources */,
				BF7D2D552564C2A40066CE5C /* MapViewController.swift in Sources */,
				BF7D2D672564F4DC0066CE5C /* OpinionViewController.swift in Sources */,
				BF7D2D6D256507DB0066CE5C /* AqiResponseString.swift in Sources */,
				BF7D2D162564AD9D0066CE5C /* UIViewExtension.swift in Sources */,
				BF7D2D77256509EA0066CE5C /* WeatherResponseString.swift in Sources */,
				BFF8DD5E25669630008E8A7C /* PopupViewController.swift in Sources */,
				BF84DACF2563E15D008151BE /* MainViewController.swift in Sources */,
				BF7D2D622564F4C60066CE5C /* AppInfoViewController.swift in Sources */,
				BF7D2D502564C2420066CE5C /* AqiViewController.swift in Sources */,
				BF7D2D72256509780066CE5C /* AqiService.swift in Sources */,
				BF84DACB2563E15D008151BE /* AppDelegate.swift in Sources */,
				BF84DACD2563E15D008151BE /* SceneDelegate.swift in Sources */,
				BF7D2D432564C0BD0066CE5C /* MenuViewController.swift in Sources */,
				BFF8DD6B25669ED5008E8A7C /* AqiChartView.swift in Sources */,
				BFDF52692567E7170041C7CA /* AqiNavViewController.swift in Sources */,
				BF7D2D292564B59E0066CE5C /* TabBarController.swift in Sources */,
				BF7D2D112564AC7E0066CE5C /* UIImageExtension.swift in Sources */,
				BF7D2D0C2564AA010066CE5C /* UIColorExtension.swift in Sources */,
				BF7D2D5D2564F4740066CE5C /* NoticeViewController.swift in Sources */,
				BF7D2D3E2564BBA80066CE5C /* AqiBar.swift in Sources */,
			);
			runOnlyForDeploymentPostprocessing = 0;
		};
		BF84DAD92563E160008151BE /* Sources */ = {
			isa = PBXSourcesBuildPhase;
			buildActionMask = 2147483647;
			files = (
				BF84DAE22563E160008151BE /* The_DustTests.swift in Sources */,
			);
			runOnlyForDeploymentPostprocessing = 0;
		};
		BF84DAE42563E160008151BE /* Sources */ = {
			isa = PBXSourcesBuildPhase;
			buildActionMask = 2147483647;
			files = (
				BF84DAED2563E160008151BE /* The_DustUITests.swift in Sources */,
			);
			runOnlyForDeploymentPostprocessing = 0;
		};
/* End PBXSourcesBuildPhase section */

/* Begin PBXTargetDependency section */
		BF84DADF2563E160008151BE /* PBXTargetDependency */ = {
			isa = PBXTargetDependency;
			target = BF84DAC62563E15D008151BE /* The Dust */;
			targetProxy = BF84DADE2563E160008151BE /* PBXContainerItemProxy */;
		};
		BF84DAEA2563E160008151BE /* PBXTargetDependency */ = {
			isa = PBXTargetDependency;
			target = BF84DAC62563E15D008151BE /* The Dust */;
			targetProxy = BF84DAE92563E160008151BE /* PBXContainerItemProxy */;
		};
/* End PBXTargetDependency section */

/* Begin PBXVariantGroup section */
		BF84DAD02563E15D008151BE /* Main.storyboard */ = {
			isa = PBXVariantGroup;
			children = (
				BF84DAD12563E15D008151BE /* Base */,
			);
			name = Main.storyboard;
			sourceTree = "<group>";
		};
		BF84DAD52563E160008151BE /* LaunchScreen.storyboard */ = {
			isa = PBXVariantGroup;
			children = (
				BF84DAD62563E160008151BE /* Base */,
			);
			name = LaunchScreen.storyboard;
			sourceTree = "<group>";
		};
/* End PBXVariantGroup section */

/* Begin XCBuildConfiguration section */
		BF84DAEF2563E160008151BE /* Debug */ = {
			isa = XCBuildConfiguration;
			buildSettings = {
				ALWAYS_SEARCH_USER_PATHS = NO;
				CLANG_ANALYZER_NONNULL = YES;
				CLANG_ANALYZER_NUMBER_OBJECT_CONVERSION = YES_AGGRESSIVE;
				CLANG_CXX_LANGUAGE_STANDARD = "gnu++14";
				CLANG_CXX_LIBRARY = "libc++";
				CLANG_ENABLE_MODULES = YES;
				CLANG_ENABLE_OBJC_ARC = YES;
				CLANG_ENABLE_OBJC_WEAK = YES;
				CLANG_WARN_BLOCK_CAPTURE_AUTORELEASING = YES;
				CLANG_WARN_BOOL_CONVERSION = YES;
				CLANG_WARN_COMMA = YES;
				CLANG_WARN_CONSTANT_CONVERSION = YES;
				CLANG_WARN_DEPRECATED_OBJC_IMPLEMENTATIONS = YES;
				CLANG_WARN_DIRECT_OBJC_ISA_USAGE = YES_ERROR;
				CLANG_WARN_DOCUMENTATION_COMMENTS = YES;
				CLANG_WARN_EMPTY_BODY = YES;
				CLANG_WARN_ENUM_CONVERSION = YES;
				CLANG_WARN_INFINITE_RECURSION = YES;
				CLANG_WARN_INT_CONVERSION = YES;
				CLANG_WARN_NON_LITERAL_NULL_CONVERSION = YES;
				CLANG_WARN_OBJC_IMPLICIT_RETAIN_SELF = YES;
				CLANG_WARN_OBJC_LITERAL_CONVERSION = YES;
				CLANG_WARN_OBJC_ROOT_CLASS = YES_ERROR;
				CLANG_WARN_QUOTED_INCLUDE_IN_FRAMEWORK_HEADER = YES;
				CLANG_WARN_RANGE_LOOP_ANALYSIS = YES;
				CLANG_WARN_STRICT_PROTOTYPES = YES;
				CLANG_WARN_SUSPICIOUS_MOVE = YES;
				CLANG_WARN_UNGUARDED_AVAILABILITY = YES_AGGRESSIVE;
				CLANG_WARN_UNREACHABLE_CODE = YES;
				CLANG_WARN__DUPLICATE_METHOD_MATCH = YES;
				COPY_PHASE_STRIP = NO;
				DEBUG_INFORMATION_FORMAT = dwarf;
				ENABLE_STRICT_OBJC_MSGSEND = YES;
				ENABLE_TESTABILITY = YES;
				GCC_C_LANGUAGE_STANDARD = gnu11;
				GCC_DYNAMIC_NO_PIC = NO;
				GCC_NO_COMMON_BLOCKS = YES;
				GCC_OPTIMIZATION_LEVEL = 0;
				GCC_PREPROCESSOR_DEFINITIONS = (
					"DEBUG=1",
					"$(inherited)",
				);
				GCC_WARN_64_TO_32_BIT_CONVERSION = YES;
				GCC_WARN_ABOUT_RETURN_TYPE = YES_ERROR;
				GCC_WARN_UNDECLARED_SELECTOR = YES;
				GCC_WARN_UNINITIALIZED_AUTOS = YES_AGGRESSIVE;
				GCC_WARN_UNUSED_FUNCTION = YES;
				GCC_WARN_UNUSED_VARIABLE = YES;
				IPHONEOS_DEPLOYMENT_TARGET = 14.1;
				MTL_ENABLE_DEBUG_INFO = INCLUDE_SOURCE;
				MTL_FAST_MATH = YES;
				ONLY_ACTIVE_ARCH = YES;
				SDKROOT = iphoneos;
				SWIFT_ACTIVE_COMPILATION_CONDITIONS = DEBUG;
				SWIFT_OPTIMIZATION_LEVEL = "-Onone";
			};
			name = Debug;
		};
		BF84DAF02563E160008151BE /* Release */ = {
			isa = XCBuildConfiguration;
			buildSettings = {
				ALWAYS_SEARCH_USER_PATHS = NO;
				CLANG_ANALYZER_NONNULL = YES;
				CLANG_ANALYZER_NUMBER_OBJECT_CONVERSION = YES_AGGRESSIVE;
				CLANG_CXX_LANGUAGE_STANDARD = "gnu++14";
				CLANG_CXX_LIBRARY = "libc++";
				CLANG_ENABLE_MODULES = YES;
				CLANG_ENABLE_OBJC_ARC = YES;
				CLANG_ENABLE_OBJC_WEAK = YES;
				CLANG_WARN_BLOCK_CAPTURE_AUTORELEASING = YES;
				CLANG_WARN_BOOL_CONVERSION = YES;
				CLANG_WARN_COMMA = YES;
				CLANG_WARN_CONSTANT_CONVERSION = YES;
				CLANG_WARN_DEPRECATED_OBJC_IMPLEMENTATIONS = YES;
				CLANG_WARN_DIRECT_OBJC_ISA_USAGE = YES_ERROR;
				CLANG_WARN_DOCUMENTATION_COMMENTS = YES;
				CLANG_WARN_EMPTY_BODY = YES;
				CLANG_WARN_ENUM_CONVERSION = YES;
				CLANG_WARN_INFINITE_RECURSION = YES;
				CLANG_WARN_INT_CONVERSION = YES;
				CLANG_WARN_NON_LITERAL_NULL_CONVERSION = YES;
				CLANG_WARN_OBJC_IMPLICIT_RETAIN_SELF = YES;
				CLANG_WARN_OBJC_LITERAL_CONVERSION = YES;
				CLANG_WARN_OBJC_ROOT_CLASS = YES_ERROR;
				CLANG_WARN_QUOTED_INCLUDE_IN_FRAMEWORK_HEADER = YES;
				CLANG_WARN_RANGE_LOOP_ANALYSIS = YES;
				CLANG_WARN_STRICT_PROTOTYPES = YES;
				CLANG_WARN_SUSPICIOUS_MOVE = YES;
				CLANG_WARN_UNGUARDED_AVAILABILITY = YES_AGGRESSIVE;
				CLANG_WARN_UNREACHABLE_CODE = YES;
				CLANG_WARN__DUPLICATE_METHOD_MATCH = YES;
				COPY_PHASE_STRIP = NO;
				DEBUG_INFORMATION_FORMAT = "dwarf-with-dsym";
				ENABLE_NS_ASSERTIONS = NO;
				ENABLE_STRICT_OBJC_MSGSEND = YES;
				GCC_C_LANGUAGE_STANDARD = gnu11;
				GCC_NO_COMMON_BLOCKS = YES;
				GCC_WARN_64_TO_32_BIT_CONVERSION = YES;
				GCC_WARN_ABOUT_RETURN_TYPE = YES_ERROR;
				GCC_WARN_UNDECLARED_SELECTOR = YES;
				GCC_WARN_UNINITIALIZED_AUTOS = YES_AGGRESSIVE;
				GCC_WARN_UNUSED_FUNCTION = YES;
				GCC_WARN_UNUSED_VARIABLE = YES;
				IPHONEOS_DEPLOYMENT_TARGET = 14.1;
				MTL_ENABLE_DEBUG_INFO = NO;
				MTL_FAST_MATH = YES;
				SDKROOT = iphoneos;
				SWIFT_COMPILATION_MODE = wholemodule;
				SWIFT_OPTIMIZATION_LEVEL = "-O";
				VALIDATE_PRODUCT = YES;
			};
			name = Release;
		};
		BF84DAF22563E160008151BE /* Debug */ = {
			isa = XCBuildConfiguration;
			baseConfigurationReference = F530545D6CB92601E063EA10 /* Pods-The Dust.debug.xcconfig */;
			buildSettings = {
				ASSETCATALOG_COMPILER_APPICON_NAME = AppIcon;
				ASSETCATALOG_COMPILER_GLOBAL_ACCENT_COLOR_NAME = AccentColor;
				CODE_SIGN_STYLE = Automatic;
				DEVELOPMENT_TEAM = GX47BK9CV6;
				INFOPLIST_FILE = "The Dust/Info.plist";
				LD_RUNPATH_SEARCH_PATHS = (
					"$(inherited)",
					"@executable_path/Frameworks",
				);
				PRODUCT_BUNDLE_IDENTIFIER = "com.The-Dust";
				PRODUCT_NAME = "$(TARGET_NAME)";
				SWIFT_VERSION = 5.0;
				TARGETED_DEVICE_FAMILY = "1,2";
			};
			name = Debug;
		};
		BF84DAF32563E160008151BE /* Release */ = {
			isa = XCBuildConfiguration;
			baseConfigurationReference = BAF352CA826175958ED60A28 /* Pods-The Dust.release.xcconfig */;
			buildSettings = {
				ASSETCATALOG_COMPILER_APPICON_NAME = AppIcon;
				ASSETCATALOG_COMPILER_GLOBAL_ACCENT_COLOR_NAME = AccentColor;
				CODE_SIGN_STYLE = Automatic;
				DEVELOPMENT_TEAM = GX47BK9CV6;
				INFOPLIST_FILE = "The Dust/Info.plist";
				LD_RUNPATH_SEARCH_PATHS = (
					"$(inherited)",
					"@executable_path/Frameworks",
				);
				PRODUCT_BUNDLE_IDENTIFIER = "com.The-Dust";
				PRODUCT_NAME = "$(TARGET_NAME)";
				SWIFT_VERSION = 5.0;
				TARGETED_DEVICE_FAMILY = "1,2";
			};
			name = Release;
		};
		BF84DAF52563E160008151BE /* Debug */ = {
			isa = XCBuildConfiguration;
			baseConfigurationReference = 6D31E33B2AAAC7A57DBE82E0 /* Pods-The DustTests.debug.xcconfig */;
			buildSettings = {
				ALWAYS_EMBED_SWIFT_STANDARD_LIBRARIES = YES;
				BUNDLE_LOADER = "$(TEST_HOST)";
				CODE_SIGN_STYLE = Automatic;
				DEVELOPMENT_TEAM = GX47BK9CV6;
				INFOPLIST_FILE = "The DustTests/Info.plist";
				IPHONEOS_DEPLOYMENT_TARGET = 14.1;
				LD_RUNPATH_SEARCH_PATHS = (
					"$(inherited)",
					"@executable_path/Frameworks",
					"@loader_path/Frameworks",
				);
				PRODUCT_BUNDLE_IDENTIFIER = "com.The-DustTests";
				PRODUCT_NAME = "$(TARGET_NAME)";
				SWIFT_VERSION = 5.0;
				TARGETED_DEVICE_FAMILY = "1,2";
				TEST_HOST = "$(BUILT_PRODUCTS_DIR)/The Dust.app/The Dust";
			};
			name = Debug;
		};
		BF84DAF62563E160008151BE /* Release */ = {
			isa = XCBuildConfiguration;
			baseConfigurationReference = AEBC7231014AF2DBA337E075 /* Pods-The DustTests.release.xcconfig */;
			buildSettings = {
				ALWAYS_EMBED_SWIFT_STANDARD_LIBRARIES = YES;
				BUNDLE_LOADER = "$(TEST_HOST)";
				CODE_SIGN_STYLE = Automatic;
				DEVELOPMENT_TEAM = GX47BK9CV6;
				INFOPLIST_FILE = "The DustTests/Info.plist";
				IPHONEOS_DEPLOYMENT_TARGET = 14.1;
				LD_RUNPATH_SEARCH_PATHS = (
					"$(inherited)",
					"@executable_path/Frameworks",
					"@loader_path/Frameworks",
				);
				PRODUCT_BUNDLE_IDENTIFIER = "com.The-DustTests";
				PRODUCT_NAME = "$(TARGET_NAME)";
				SWIFT_VERSION = 5.0;
				TARGETED_DEVICE_FAMILY = "1,2";
				TEST_HOST = "$(BUILT_PRODUCTS_DIR)/The Dust.app/The Dust";
			};
			name = Release;
		};
		BF84DAF82563E160008151BE /* Debug */ = {
			isa = XCBuildConfiguration;
			baseConfigurationReference = 34860D074D87EEB5DE4717D8 /* Pods-The Dust-The DustUITests.debug.xcconfig */;
			buildSettings = {
				ALWAYS_EMBED_SWIFT_STANDARD_LIBRARIES = YES;
				CODE_SIGN_STYLE = Automatic;
				DEVELOPMENT_TEAM = GX47BK9CV6;
				INFOPLIST_FILE = "The DustUITests/Info.plist";
				LD_RUNPATH_SEARCH_PATHS = (
					"$(inherited)",
					"@executable_path/Frameworks",
					"@loader_path/Frameworks",
				);
				PRODUCT_BUNDLE_IDENTIFIER = "com.The-DustUITests";
				PRODUCT_NAME = "$(TARGET_NAME)";
				SWIFT_VERSION = 5.0;
				TARGETED_DEVICE_FAMILY = "1,2";
				TEST_TARGET_NAME = "The Dust";
			};
			name = Debug;
		};
		BF84DAF92563E160008151BE /* Release */ = {
			isa = XCBuildConfiguration;
			baseConfigurationReference = B784802C3050D8DB91BC449E /* Pods-The Dust-The DustUITests.release.xcconfig */;
			buildSettings = {
				ALWAYS_EMBED_SWIFT_STANDARD_LIBRARIES = YES;
				CODE_SIGN_STYLE = Automatic;
				DEVELOPMENT_TEAM = GX47BK9CV6;
				INFOPLIST_FILE = "The DustUITests/Info.plist";
				LD_RUNPATH_SEARCH_PATHS = (
					"$(inherited)",
					"@executable_path/Frameworks",
					"@loader_path/Frameworks",
				);
				PRODUCT_BUNDLE_IDENTIFIER = "com.The-DustUITests";
				PRODUCT_NAME = "$(TARGET_NAME)";
				SWIFT_VERSION = 5.0;
				TARGETED_DEVICE_FAMILY = "1,2";
				TEST_TARGET_NAME = "The Dust";
			};
			name = Release;
		};
/* End XCBuildConfiguration section */

/* Begin XCConfigurationList section */
		BF84DAC22563E15D008151BE /* Build configuration list for PBXProject "The Dust" */ = {
			isa = XCConfigurationList;
			buildConfigurations = (
				BF84DAEF2563E160008151BE /* Debug */,
				BF84DAF02563E160008151BE /* Release */,
			);
			defaultConfigurationIsVisible = 0;
			defaultConfigurationName = Release;
		};
		BF84DAF12563E160008151BE /* Build configuration list for PBXNativeTarget "The Dust" */ = {
			isa = XCConfigurationList;
			buildConfigurations = (
				BF84DAF22563E160008151BE /* Debug */,
				BF84DAF32563E160008151BE /* Release */,
			);
			defaultConfigurationIsVisible = 0;
			defaultConfigurationName = Release;
		};
		BF84DAF42563E160008151BE /* Build configuration list for PBXNativeTarget "The DustTests" */ = {
			isa = XCConfigurationList;
			buildConfigurations = (
				BF84DAF52563E160008151BE /* Debug */,
				BF84DAF62563E160008151BE /* Release */,
			);
			defaultConfigurationIsVisible = 0;
			defaultConfigurationName = Release;
		};
		BF84DAF72563E160008151BE /* Build configuration list for PBXNativeTarget "The DustUITests" */ = {
			isa = XCConfigurationList;
			buildConfigurations = (
				BF84DAF82563E160008151BE /* Debug */,
				BF84DAF92563E160008151BE /* Release */,
			);
			defaultConfigurationIsVisible = 0;
			defaultConfigurationName = Release;
		};
/* End XCConfigurationList section */
	};
	rootObject = BF84DABF2563E15D008151BE /* Project object */;
}
